// !$*UTF8*$!
{
	archiveVersion = 1;
	classes = {
	};
	objectVersion = 51;
	objects = {

/* Begin PBXBuildFile section */
		342487C6952334409B60BFC3 /* Pods_UberEatsLikeTests.framework in Frameworks */ = {isa = PBXBuildFile; fileRef = 6CB2E92D14033B8DC0A65C39 /* Pods_UberEatsLikeTests.framework */; };
		97664FBC7508E54D1C3B2ED2 /* Pods_UberEatsLike.framework in Frameworks */ = {isa = PBXBuildFile; fileRef = E25BC9D9CE5017BDDA58061F /* Pods_UberEatsLike.framework */; };
		A239E12B2E439FFDED8AE494 /* Pods_UberEatsLike_UberEatsLikeUITests.framework in Frameworks */ = {isa = PBXBuildFile; fileRef = 20605D9CC727CC6CD27A1333 /* Pods_UberEatsLike_UberEatsLikeUITests.framework */; };
		CE47044826EE38D8009AAEE7 /* Extensions.swift in Sources */ = {isa = PBXBuildFile; fileRef = CE47044726EE38D8009AAEE7 /* Extensions.swift */; };
		CE5259C026E387E500DD6E89 /* AppDelegate.swift in Sources */ = {isa = PBXBuildFile; fileRef = CE5259BF26E387E500DD6E89 /* AppDelegate.swift */; };
		CE5259C226E387E500DD6E89 /* SceneDelegate.swift in Sources */ = {isa = PBXBuildFile; fileRef = CE5259C126E387E500DD6E89 /* SceneDelegate.swift */; };
		CE5259C426E387E500DD6E89 /* ViewController.swift in Sources */ = {isa = PBXBuildFile; fileRef = CE5259C326E387E500DD6E89 /* ViewController.swift */; };
		CE5259C726E387E500DD6E89 /* Main.storyboard in Resources */ = {isa = PBXBuildFile; fileRef = CE5259C526E387E500DD6E89 /* Main.storyboard */; };
		CE5259C926E387E800DD6E89 /* Assets.xcassets in Resources */ = {isa = PBXBuildFile; fileRef = CE5259C826E387E800DD6E89 /* Assets.xcassets */; };
		CE5259CC26E387E800DD6E89 /* LaunchScreen.storyboard in Resources */ = {isa = PBXBuildFile; fileRef = CE5259CA26E387E800DD6E89 /* LaunchScreen.storyboard */; };
		CE5259D726E387E800DD6E89 /* UberEatsLikeTests.swift in Sources */ = {isa = PBXBuildFile; fileRef = CE5259D626E387E800DD6E89 /* UberEatsLikeTests.swift */; };
		CE5259E226E387E800DD6E89 /* UberEatsLikeUITests.swift in Sources */ = {isa = PBXBuildFile; fileRef = CE5259E126E387E800DD6E89 /* UberEatsLikeUITests.swift */; };
		CED20C4826E38F9C0006D3EC /* RestaurantsModel.swift in Sources */ = {isa = PBXBuildFile; fileRef = CED20C4726E38F9C0006D3EC /* RestaurantsModel.swift */; };
		CED20C4D26E4643E0006D3EC /* RestaurantTableViewCell.swift in Sources */ = {isa = PBXBuildFile; fileRef = CED20C4B26E4643E0006D3EC /* RestaurantTableViewCell.swift */; };
		CED20C4E26E4643E0006D3EC /* RestaurantTableViewCell.xib in Resources */ = {isa = PBXBuildFile; fileRef = CED20C4C26E4643E0006D3EC /* RestaurantTableViewCell.xib */; };
/* End PBXBuildFile section */

/* Begin PBXContainerItemProxy section */
		CE5259D326E387E800DD6E89 /* PBXContainerItemProxy */ = {
			isa = PBXContainerItemProxy;
			containerPortal = CE5259B426E387E500DD6E89 /* Project object */;
			proxyType = 1;
			remoteGlobalIDString = CE5259BB26E387E500DD6E89;
			remoteInfo = UberEatsLike;
		};
		CE5259DE26E387E800DD6E89 /* PBXContainerItemProxy */ = {
			isa = PBXContainerItemProxy;
			containerPortal = CE5259B426E387E500DD6E89 /* Project object */;
			proxyType = 1;
			remoteGlobalIDString = CE5259BB26E387E500DD6E89;
			remoteInfo = UberEatsLike;
		};
/* End PBXContainerItemProxy section */

/* Begin PBXFileReference section */
		1AB07F52249C05E8782B4042 /* Pods-UberEatsLike.debug.xcconfig */ = {isa = PBXFileReference; includeInIndex = 1; lastKnownFileType = text.xcconfig; name = "Pods-UberEatsLike.debug.xcconfig"; path = "Target Support Files/Pods-UberEatsLike/Pods-UberEatsLike.debug.xcconfig"; sourceTree = "<group>"; };
		20605D9CC727CC6CD27A1333 /* Pods_UberEatsLike_UberEatsLikeUITests.framework */ = {isa = PBXFileReference; explicitFileType = wrapper.framework; includeInIndex = 0; path = Pods_UberEatsLike_UberEatsLikeUITests.framework; sourceTree = BUILT_PRODUCTS_DIR; };
		60E9EBAE7AB90E1A4708FA47 /* Pods-UberEatsLike-UberEatsLikeUITests.debug.xcconfig */ = {isa = PBXFileReference; includeInIndex = 1; lastKnownFileType = text.xcconfig; name = "Pods-UberEatsLike-UberEatsLikeUITests.debug.xcconfig"; path = "Target Support Files/Pods-UberEatsLike-UberEatsLikeUITests/Pods-UberEatsLike-UberEatsLikeUITests.debug.xcconfig"; sourceTree = "<group>"; };
		6CB2E92D14033B8DC0A65C39 /* Pods_UberEatsLikeTests.framework */ = {isa = PBXFileReference; explicitFileType = wrapper.framework; includeInIndex = 0; path = Pods_UberEatsLikeTests.framework; sourceTree = BUILT_PRODUCTS_DIR; };
		8722826F22F1020B25C567E0 /* Pods-UberEatsLike.release.xcconfig */ = {isa = PBXFileReference; includeInIndex = 1; lastKnownFileType = text.xcconfig; name = "Pods-UberEatsLike.release.xcconfig"; path = "Target Support Files/Pods-UberEatsLike/Pods-UberEatsLike.release.xcconfig"; sourceTree = "<group>"; };
		B793282FA9271A0C60A94835 /* Pods-UberEatsLikeTests.release.xcconfig */ = {isa = PBXFileReference; includeInIndex = 1; lastKnownFileType = text.xcconfig; name = "Pods-UberEatsLikeTests.release.xcconfig"; path = "Target Support Files/Pods-UberEatsLikeTests/Pods-UberEatsLikeTests.release.xcconfig"; sourceTree = "<group>"; };
		C0DB7D919971211F8C4469B3 /* Pods-UberEatsLike-UberEatsLikeUITests.release.xcconfig */ = {isa = PBXFileReference; includeInIndex = 1; lastKnownFileType = text.xcconfig; name = "Pods-UberEatsLike-UberEatsLikeUITests.release.xcconfig"; path = "Target Support Files/Pods-UberEatsLike-UberEatsLikeUITests/Pods-UberEatsLike-UberEatsLikeUITests.release.xcconfig"; sourceTree = "<group>"; };
		CE47044726EE38D8009AAEE7 /* Extensions.swift */ = {isa = PBXFileReference; lastKnownFileType = sourcecode.swift; path = Extensions.swift; sourceTree = "<group>"; };
		CE5259BC26E387E500DD6E89 /* UberEatsLike.app */ = {isa = PBXFileReference; explicitFileType = wrapper.application; includeInIndex = 0; path = UberEatsLike.app; sourceTree = BUILT_PRODUCTS_DIR; };
		CE5259BF26E387E500DD6E89 /* AppDelegate.swift */ = {isa = PBXFileReference; lastKnownFileType = sourcecode.swift; path = AppDelegate.swift; sourceTree = "<group>"; };
		CE5259C126E387E500DD6E89 /* SceneDelegate.swift */ = {isa = PBXFileReference; lastKnownFileType = sourcecode.swift; path = SceneDelegate.swift; sourceTree = "<group>"; };
		CE5259C326E387E500DD6E89 /* ViewController.swift */ = {isa = PBXFileReference; lastKnownFileType = sourcecode.swift; path = ViewController.swift; sourceTree = "<group>"; };
		CE5259C626E387E500DD6E89 /* Base */ = {isa = PBXFileReference; lastKnownFileType = file.storyboard; name = Base; path = Base.lproj/Main.storyboard; sourceTree = "<group>"; };
		CE5259C826E387E800DD6E89 /* Assets.xcassets */ = {isa = PBXFileReference; lastKnownFileType = folder.assetcatalog; path = Assets.xcassets; sourceTree = "<group>"; };
		CE5259CB26E387E800DD6E89 /* Base */ = {isa = PBXFileReference; lastKnownFileType = file.storyboard; name = Base; path = Base.lproj/LaunchScreen.storyboard; sourceTree = "<group>"; };
		CE5259CD26E387E800DD6E89 /* Info.plist */ = {isa = PBXFileReference; lastKnownFileType = text.plist.xml; path = Info.plist; sourceTree = "<group>"; };
		CE5259D226E387E800DD6E89 /* UberEatsLikeTests.xctest */ = {isa = PBXFileReference; explicitFileType = wrapper.cfbundle; includeInIndex = 0; path = UberEatsLikeTests.xctest; sourceTree = BUILT_PRODUCTS_DIR; };
		CE5259D626E387E800DD6E89 /* UberEatsLikeTests.swift */ = {isa = PBXFileReference; lastKnownFileType = sourcecode.swift; path = UberEatsLikeTests.swift; sourceTree = "<group>"; };
		CE5259D826E387E800DD6E89 /* Info.plist */ = {isa = PBXFileReference; lastKnownFileType = text.plist.xml; path = Info.plist; sourceTree = "<group>"; };
		CE5259DD26E387E800DD6E89 /* UberEatsLikeUITests.xctest */ = {isa = PBXFileReference; explicitFileType = wrapper.cfbundle; includeInIndex = 0; path = UberEatsLikeUITests.xctest; sourceTree = BUILT_PRODUCTS_DIR; };
		CE5259E126E387E800DD6E89 /* UberEatsLikeUITests.swift */ = {isa = PBXFileReference; lastKnownFileType = sourcecode.swift; path = UberEatsLikeUITests.swift; sourceTree = "<group>"; };
		CE5259E326E387E800DD6E89 /* Info.plist */ = {isa = PBXFileReference; lastKnownFileType = text.plist.xml; path = Info.plist; sourceTree = "<group>"; };
		CED20C4726E38F9C0006D3EC /* RestaurantsModel.swift */ = {isa = PBXFileReference; lastKnownFileType = sourcecode.swift; path = RestaurantsModel.swift; sourceTree = "<group>"; };
		CED20C4B26E4643E0006D3EC /* RestaurantTableViewCell.swift */ = {isa = PBXFileReference; lastKnownFileType = sourcecode.swift; path = RestaurantTableViewCell.swift; sourceTree = "<group>"; };
		CED20C4C26E4643E0006D3EC /* RestaurantTableViewCell.xib */ = {isa = PBXFileReference; lastKnownFileType = file.xib; path = RestaurantTableViewCell.xib; sourceTree = "<group>"; };
		E25BC9D9CE5017BDDA58061F /* Pods_UberEatsLike.framework */ = {isa = PBXFileReference; explicitFileType = wrapper.framework; includeInIndex = 0; path = Pods_UberEatsLike.framework; sourceTree = BUILT_PRODUCTS_DIR; };
		E8A4F2D7FDAA90ABFF93FF22 /* Pods-UberEatsLikeTests.debug.xcconfig */ = {isa = PBXFileReference; includeInIndex = 1; lastKnownFileType = text.xcconfig; name = "Pods-UberEatsLikeTests.debug.xcconfig"; path = "Target Support Files/Pods-UberEatsLikeTests/Pods-UberEatsLikeTests.debug.xcconfig"; sourceTree = "<group>"; };
/* End PBXFileReference section */

/* Begin PBXFrameworksBuildPhase section */
		CE5259B926E387E500DD6E89 /* Frameworks */ = {
			isa = PBXFrameworksBuildPhase;
			buildActionMask = 2147483647;
			files = (
				97664FBC7508E54D1C3B2ED2 /* Pods_UberEatsLike.framework in Frameworks */,
			);
			runOnlyForDeploymentPostprocessing = 0;
		};
		CE5259CF26E387E800DD6E89 /* Frameworks */ = {
			isa = PBXFrameworksBuildPhase;
			buildActionMask = 2147483647;
			files = (
				342487C6952334409B60BFC3 /* Pods_UberEatsLikeTests.framework in Frameworks */,
			);
			runOnlyForDeploymentPostprocessing = 0;
		};
		CE5259DA26E387E800DD6E89 /* Frameworks */ = {
			isa = PBXFrameworksBuildPhase;
			buildActionMask = 2147483647;
			files = (
				A239E12B2E439FFDED8AE494 /* Pods_UberEatsLike_UberEatsLikeUITests.framework in Frameworks */,
			);
			runOnlyForDeploymentPostprocessing = 0;
		};
/* End PBXFrameworksBuildPhase section */

/* Begin PBXGroup section */
		618F3B7D19DC24402971F5EA /* Frameworks */ = {
			isa = PBXGroup;
			children = (
				E25BC9D9CE5017BDDA58061F /* Pods_UberEatsLike.framework */,
				20605D9CC727CC6CD27A1333 /* Pods_UberEatsLike_UberEatsLikeUITests.framework */,
				6CB2E92D14033B8DC0A65C39 /* Pods_UberEatsLikeTests.framework */,
			);
			name = Frameworks;
			sourceTree = "<group>";
		};
		B8D37FF8802909B9A096B617 /* Pods */ = {
			isa = PBXGroup;
			children = (
				1AB07F52249C05E8782B4042 /* Pods-UberEatsLike.debug.xcconfig */,
				8722826F22F1020B25C567E0 /* Pods-UberEatsLike.release.xcconfig */,
				60E9EBAE7AB90E1A4708FA47 /* Pods-UberEatsLike-UberEatsLikeUITests.debug.xcconfig */,
				C0DB7D919971211F8C4469B3 /* Pods-UberEatsLike-UberEatsLikeUITests.release.xcconfig */,
				E8A4F2D7FDAA90ABFF93FF22 /* Pods-UberEatsLikeTests.debug.xcconfig */,
				B793282FA9271A0C60A94835 /* Pods-UberEatsLikeTests.release.xcconfig */,
			);
			path = Pods;
			sourceTree = "<group>";
		};
		CE47044626EE38AF009AAEE7 /* Extansions */ = {
			isa = PBXGroup;
			children = (
				CE47044726EE38D8009AAEE7 /* Extensions.swift */,
			);
			path = Extansions;
			sourceTree = "<group>";
		};
		CE5259B326E387E500DD6E89 = {
			isa = PBXGroup;
			children = (
				CE5259BE26E387E500DD6E89 /* UberEatsLike */,
				CE5259D526E387E800DD6E89 /* UberEatsLikeTests */,
				CE5259E026E387E800DD6E89 /* UberEatsLikeUITests */,
				CE5259BD26E387E500DD6E89 /* Products */,
				B8D37FF8802909B9A096B617 /* Pods */,
				618F3B7D19DC24402971F5EA /* Frameworks */,
			);
			sourceTree = "<group>";
		};
		CE5259BD26E387E500DD6E89 /* Products */ = {
			isa = PBXGroup;
			children = (
				CE5259BC26E387E500DD6E89 /* UberEatsLike.app */,
				CE5259D226E387E800DD6E89 /* UberEatsLikeTests.xctest */,
				CE5259DD26E387E800DD6E89 /* UberEatsLikeUITests.xctest */,
			);
			name = Products;
			sourceTree = "<group>";
		};
		CE5259BE26E387E500DD6E89 /* UberEatsLike */ = {
			isa = PBXGroup;
			children = (
				CE47044626EE38AF009AAEE7 /* Extansions */,
				CED20C4626E38F760006D3EC /* Models */,
				CE5259BF26E387E500DD6E89 /* AppDelegate.swift */,
				CE5259C126E387E500DD6E89 /* SceneDelegate.swift */,
				CE5259C326E387E500DD6E89 /* ViewController.swift */,
				CE5259C526E387E500DD6E89 /* Main.storyboard */,
				CED20C4B26E4643E0006D3EC /* RestaurantTableViewCell.swift */,
				CED20C4C26E4643E0006D3EC /* RestaurantTableViewCell.xib */,
				CE5259C826E387E800DD6E89 /* Assets.xcassets */,
				CE5259CA26E387E800DD6E89 /* LaunchScreen.storyboard */,
				CE5259CD26E387E800DD6E89 /* Info.plist */,
			);
			path = UberEatsLike;
			sourceTree = "<group>";
		};
		CE5259D526E387E800DD6E89 /* UberEatsLikeTests */ = {
			isa = PBXGroup;
			children = (
				CE5259D626E387E800DD6E89 /* UberEatsLikeTests.swift */,
				CE5259D826E387E800DD6E89 /* Info.plist */,
			);
			path = UberEatsLikeTests;
			sourceTree = "<group>";
		};
		CE5259E026E387E800DD6E89 /* UberEatsLikeUITests */ = {
			isa = PBXGroup;
			children = (
				CE5259E126E387E800DD6E89 /* UberEatsLikeUITests.swift */,
				CE5259E326E387E800DD6E89 /* Info.plist */,
			);
			path = UberEatsLikeUITests;
			sourceTree = "<group>";
		};
		CED20C4626E38F760006D3EC /* Models */ = {
			isa = PBXGroup;
			children = (
				CED20C4726E38F9C0006D3EC /* RestaurantsModel.swift */,
			);
			path = Models;
			sourceTree = "<group>";
		};
/* End PBXGroup section */

/* Begin PBXNativeTarget section */
		CE5259BB26E387E500DD6E89 /* UberEatsLike */ = {
			isa = PBXNativeTarget;
			buildConfigurationList = CE5259E626E387E800DD6E89 /* Build configuration list for PBXNativeTarget "UberEatsLike" */;
			buildPhases = (
				3D71E86652C634EED59A9594 /* [CP] Check Pods Manifest.lock */,
				CE5259B826E387E500DD6E89 /* Sources */,
				CE5259B926E387E500DD6E89 /* Frameworks */,
				CE5259BA26E387E500DD6E89 /* Resources */,
				2C50126BB8011048F29E0D87 /* [CP] Embed Pods Frameworks */,
			);
			buildRules = (
			);
			dependencies = (
			);
			name = UberEatsLike;
			productName = UberEatsLike;
			productReference = CE5259BC26E387E500DD6E89 /* UberEatsLike.app */;
			productType = "com.apple.product-type.application";
		};
		CE5259D126E387E800DD6E89 /* UberEatsLikeTests */ = {
			isa = PBXNativeTarget;
			buildConfigurationList = CE5259E926E387E800DD6E89 /* Build configuration list for PBXNativeTarget "UberEatsLikeTests" */;
			buildPhases = (
				C4515991AF439889E23112A1 /* [CP] Check Pods Manifest.lock */,
				CE5259CE26E387E800DD6E89 /* Sources */,
				CE5259CF26E387E800DD6E89 /* Frameworks */,
				CE5259D026E387E800DD6E89 /* Resources */,
			);
			buildRules = (
			);
			dependencies = (
				CE5259D426E387E800DD6E89 /* PBXTargetDependency */,
			);
			name = UberEatsLikeTests;
			productName = UberEatsLikeTests;
			productReference = CE5259D226E387E800DD6E89 /* UberEatsLikeTests.xctest */;
			productType = "com.apple.product-type.bundle.unit-test";
		};
		CE5259DC26E387E800DD6E89 /* UberEatsLikeUITests */ = {
			isa = PBXNativeTarget;
			buildConfigurationList = CE5259EC26E387E800DD6E89 /* Build configuration list for PBXNativeTarget "UberEatsLikeUITests" */;
			buildPhases = (
				E7B581898BDD3B67BCD4B30B /* [CP] Check Pods Manifest.lock */,
				CE5259D926E387E800DD6E89 /* Sources */,
				CE5259DA26E387E800DD6E89 /* Frameworks */,
				CE5259DB26E387E800DD6E89 /* Resources */,
				05ECE36CD30A67364228D083 /* [CP] Embed Pods Frameworks */,
			);
			buildRules = (
			);
			dependencies = (
				CE5259DF26E387E800DD6E89 /* PBXTargetDependency */,
			);
			name = UberEatsLikeUITests;
			productName = UberEatsLikeUITests;
			productReference = CE5259DD26E387E800DD6E89 /* UberEatsLikeUITests.xctest */;
			productType = "com.apple.product-type.bundle.ui-testing";
		};
/* End PBXNativeTarget section */

/* Begin PBXProject section */
		CE5259B426E387E500DD6E89 /* Project object */ = {
			isa = PBXProject;
			attributes = {
				LastSwiftUpdateCheck = 1250;
				LastUpgradeCheck = 1250;
				TargetAttributes = {
					CE5259BB26E387E500DD6E89 = {
						CreatedOnToolsVersion = 12.5.1;
					};
					CE5259D126E387E800DD6E89 = {
						CreatedOnToolsVersion = 12.5.1;
						TestTargetID = CE5259BB26E387E500DD6E89;
					};
					CE5259DC26E387E800DD6E89 = {
						CreatedOnToolsVersion = 12.5.1;
						TestTargetID = CE5259BB26E387E500DD6E89;
					};
				};
			};
			buildConfigurationList = CE5259B726E387E500DD6E89 /* Build configuration list for PBXProject "UberEatsLike" */;
			compatibilityVersion = "Xcode 9.3";
			developmentRegion = en;
			hasScannedForEncodings = 0;
			knownRegions = (
				en,
				Base,
			);
			mainGroup = CE5259B326E387E500DD6E89;
			productRefGroup = CE5259BD26E387E500DD6E89 /* Products */;
			projectDirPath = "";
			projectRoot = "";
			targets = (
				CE5259BB26E387E500DD6E89 /* UberEatsLike */,
				CE5259D126E387E800DD6E89 /* UberEatsLikeTests */,
				CE5259DC26E387E800DD6E89 /* UberEatsLikeUITests */,
			);
		};
/* End PBXProject section */

/* Begin PBXResourcesBuildPhase section */
		CE5259BA26E387E500DD6E89 /* Resources */ = {
			isa = PBXResourcesBuildPhase;
			buildActionMask = 2147483647;
			files = (
				CED20C4E26E4643E0006D3EC /* RestaurantTableViewCell.xib in Resources */,
				CE5259CC26E387E800DD6E89 /* LaunchScreen.storyboard in Resources */,
				CE5259C926E387E800DD6E89 /* Assets.xcassets in Resources */,
				CE5259C726E387E500DD6E89 /* Main.storyboard in Resources */,
			);
			runOnlyForDeploymentPostprocessing = 0;
		};
		CE5259D026E387E800DD6E89 /* Resources */ = {
			isa = PBXResourcesBuildPhase;
			buildActionMask = 2147483647;
			files = (
			);
			runOnlyForDeploymentPostprocessing = 0;
		};
		CE5259DB26E387E800DD6E89 /* Resources */ = {
			isa = PBXResourcesBuildPhase;
			buildActionMask = 2147483647;
			files = (
			);
			runOnlyForDeploymentPostprocessing = 0;
		};
/* End PBXResourcesBuildPhase section */

/* Begin PBXShellScriptBuildPhase section */
		05ECE36CD30A67364228D083 /* [CP] Embed Pods Frameworks */ = {
			isa = PBXShellScriptBuildPhase;
			buildActionMask = 2147483647;
			files = (
			);
			inputFileListPaths = (
				"${PODS_ROOT}/Target Support Files/Pods-UberEatsLike-UberEatsLikeUITests/Pods-UberEatsLike-UberEatsLikeUITests-frameworks-${CONFIGURATION}-input-files.xcfilelist",
			);
			name = "[CP] Embed Pods Frameworks";
			outputFileListPaths = (
				"${PODS_ROOT}/Target Support Files/Pods-UberEatsLike-UberEatsLikeUITests/Pods-UberEatsLike-UberEatsLikeUITests-frameworks-${CONFIGURATION}-output-files.xcfilelist",
			);
			runOnlyForDeploymentPostprocessing = 0;
			shellPath = /bin/sh;
			shellScript = "\"${PODS_ROOT}/Target Support Files/Pods-UberEatsLike-UberEatsLikeUITests/Pods-UberEatsLike-UberEatsLikeUITests-frameworks.sh\"\n";
			showEnvVarsInLog = 0;
		};
		2C50126BB8011048F29E0D87 /* [CP] Embed Pods Frameworks */ = {
			isa = PBXShellScriptBuildPhase;
			buildActionMask = 2147483647;
			files = (
			);
			inputFileListPaths = (
				"${PODS_ROOT}/Target Support Files/Pods-UberEatsLike/Pods-UberEatsLike-frameworks-${CONFIGURATION}-input-files.xcfilelist",
			);
			name = "[CP] Embed Pods Frameworks";
			outputFileListPaths = (
				"${PODS_ROOT}/Target Support Files/Pods-UberEatsLike/Pods-UberEatsLike-frameworks-${CONFIGURATION}-output-files.xcfilelist",
			);
			runOnlyForDeploymentPostprocessing = 0;
			shellPath = /bin/sh;
			shellScript = "\"${PODS_ROOT}/Target Support Files/Pods-UberEatsLike/Pods-UberEatsLike-frameworks.sh\"\n";
			showEnvVarsInLog = 0;
		};
		3D71E86652C634EED59A9594 /* [CP] Check Pods Manifest.lock */ = {
			isa = PBXShellScriptBuildPhase;
			buildActionMask = 2147483647;
			files = (
			);
			inputFileListPaths = (
			);
			inputPaths = (
				"${PODS_PODFILE_DIR_PATH}/Podfile.lock",
				"${PODS_ROOT}/Manifest.lock",
			);
			name = "[CP] Check Pods Manifest.lock";
			outputFileListPaths = (
			);
			outputPaths = (
				"$(DERIVED_FILE_DIR)/Pods-UberEatsLike-checkManifestLockResult.txt",
			);
			runOnlyForDeploymentPostprocessing = 0;
			shellPath = /bin/sh;
			shellScript = "diff \"${PODS_PODFILE_DIR_PATH}/Podfile.lock\" \"${PODS_ROOT}/Manifest.lock\" > /dev/null\nif [ $? != 0 ] ; then\n    # print error to STDERR\n    echo \"error: The sandbox is not in sync with the Podfile.lock. Run 'pod install' or update your CocoaPods installation.\" >&2\n    exit 1\nfi\n# This output is used by Xcode 'outputs' to avoid re-running this script phase.\necho \"SUCCESS\" > \"${SCRIPT_OUTPUT_FILE_0}\"\n";
			showEnvVarsInLog = 0;
		};
		C4515991AF439889E23112A1 /* [CP] Check Pods Manifest.lock */ = {
			isa = PBXShellScriptBuildPhase;
			buildActionMask = 2147483647;
			files = (
			);
			inputFileListPaths = (
			);
			inputPaths = (
				"${PODS_PODFILE_DIR_PATH}/Podfile.lock",
				"${PODS_ROOT}/Manifest.lock",
			);
			name = "[CP] Check Pods Manifest.lock";
			outputFileListPaths = (
			);
			outputPaths = (
				"$(DERIVED_FILE_DIR)/Pods-UberEatsLikeTests-checkManifestLockResult.txt",
			);
			runOnlyForDeploymentPostprocessing = 0;
			shellPath = /bin/sh;
			shellScript = "diff \"${PODS_PODFILE_DIR_PATH}/Podfile.lock\" \"${PODS_ROOT}/Manifest.lock\" > /dev/null\nif [ $? != 0 ] ; then\n    # print error to STDERR\n    echo \"error: The sandbox is not in sync with the Podfile.lock. Run 'pod install' or update your CocoaPods installation.\" >&2\n    exit 1\nfi\n# This output is used by Xcode 'outputs' to avoid re-running this script phase.\necho \"SUCCESS\" > \"${SCRIPT_OUTPUT_FILE_0}\"\n";
			showEnvVarsInLog = 0;
		};
		E7B581898BDD3B67BCD4B30B /* [CP] Check Pods Manifest.lock */ = {
			isa = PBXShellScriptBuildPhase;
			buildActionMask = 2147483647;
			files = (
			);
			inputFileListPaths = (
			);
			inputPaths = (
				"${PODS_PODFILE_DIR_PATH}/Podfile.lock",
				"${PODS_ROOT}/Manifest.lock",
			);
			name = "[CP] Check Pods Manifest.lock";
			outputFileListPaths = (
			);
			outputPaths = (
				"$(DERIVED_FILE_DIR)/Pods-UberEatsLike-UberEatsLikeUITests-checkManifestLockResult.txt",
			);
			runOnlyForDeploymentPostprocessing = 0;
			shellPath = /bin/sh;
			shellScript = "diff \"${PODS_PODFILE_DIR_PATH}/Podfile.lock\" \"${PODS_ROOT}/Manifest.lock\" > /dev/null\nif [ $? != 0 ] ; then\n    # print error to STDERR\n    echo \"error: The sandbox is not in sync with the Podfile.lock. Run 'pod install' or update your CocoaPods installation.\" >&2\n    exit 1\nfi\n# This output is used by Xcode 'outputs' to avoid re-running this script phase.\necho \"SUCCESS\" > \"${SCRIPT_OUTPUT_FILE_0}\"\n";
			showEnvVarsInLog = 0;
		};
/* End PBXShellScriptBuildPhase section */

/* Begin PBXSourcesBuildPhase section */
		CE5259B826E387E500DD6E89 /* Sources */ = {
			isa = PBXSourcesBuildPhase;
			buildActionMask = 2147483647;
			files = (
				CED20C4D26E4643E0006D3EC /* RestaurantTableViewCell.swift in Sources */,
				CE47044826EE38D8009AAEE7 /* Extensions.swift in Sources */,
				CE5259C426E387E500DD6E89 /* ViewController.swift in Sources */,
				CE5259C026E387E500DD6E89 /* AppDelegate.swift in Sources */,
				CED20C4826E38F9C0006D3EC /* RestaurantsModel.swift in Sources */,
				CE5259C226E387E500DD6E89 /* SceneDelegate.swift in Sources */,
			);
			runOnlyForDeploymentPostprocessing = 0;
		};
		CE5259CE26E387E800DD6E89 /* Sources */ = {
			isa = PBXSourcesBuildPhase;
			buildActionMask = 2147483647;
			files = (
				CE5259D726E387E800DD6E89 /* UberEatsLikeTests.swift in Sources */,
			);
			runOnlyForDeploymentPostprocessing = 0;
		};
		CE5259D926E387E800DD6E89 /* Sources */ = {
			isa = PBXSourcesBuildPhase;
			buildActionMask = 2147483647;
			files = (
				CE5259E226E387E800DD6E89 /* UberEatsLikeUITests.swift in Sources */,
			);
			runOnlyForDeploymentPostprocessing = 0;
		};
/* End PBXSourcesBuildPhase section */

/* Begin PBXTargetDependency section */
		CE5259D426E387E800DD6E89 /* PBXTargetDependency */ = {
			isa = PBXTargetDependency;
			target = CE5259BB26E387E500DD6E89 /* UberEatsLike */;
			targetProxy = CE5259D326E387E800DD6E89 /* PBXContainerItemProxy */;
		};
		CE5259DF26E387E800DD6E89 /* PBXTargetDependency */ = {
			isa = PBXTargetDependency;
			target = CE5259BB26E387E500DD6E89 /* UberEatsLike */;
			targetProxy = CE5259DE26E387E800DD6E89 /* PBXContainerItemProxy */;
		};
/* End PBXTargetDependency section */

/* Begin PBXVariantGroup section */
		CE5259C526E387E500DD6E89 /* Main.storyboard */ = {
			isa = PBXVariantGroup;
			children = (
				CE5259C626E387E500DD6E89 /* Base */,
			);
			name = Main.storyboard;
			sourceTree = "<group>";
		};
		CE5259CA26E387E800DD6E89 /* LaunchScreen.storyboard */ = {
			isa = PBXVariantGroup;
			children = (
				CE5259CB26E387E800DD6E89 /* Base */,
			);
			name = LaunchScreen.storyboard;
			sourceTree = "<group>";
		};
/* End PBXVariantGroup section */

/* Begin XCBuildConfiguration section */
		CE5259E426E387E800DD6E89 /* Debug */ = {
			isa = XCBuildConfiguration;
			buildSettings = {
				ALWAYS_SEARCH_USER_PATHS = NO;
				CLANG_ANALYZER_NONNULL = YES;
				CLANG_ANALYZER_NUMBER_OBJECT_CONVERSION = YES_AGGRESSIVE;
				CLANG_CXX_LANGUAGE_STANDARD = "gnu++14";
				CLANG_CXX_LIBRARY = "libc++";
				CLANG_ENABLE_MODULES = YES;
				CLANG_ENABLE_OBJC_ARC = YES;
				CLANG_ENABLE_OBJC_WEAK = YES;
				CLANG_WARN_BLOCK_CAPTURE_AUTORELEASING = YES;
				CLANG_WARN_BOOL_CONVERSION = YES;
				CLANG_WARN_COMMA = YES;
				CLANG_WARN_CONSTANT_CONVERSION = YES;
				CLANG_WARN_DEPRECATED_OBJC_IMPLEMENTATIONS = YES;
				CLANG_WARN_DIRECT_OBJC_ISA_USAGE = YES_ERROR;
				CLANG_WARN_DOCUMENTATION_COMMENTS = YES;
				CLANG_WARN_EMPTY_BODY = YES;
				CLANG_WARN_ENUM_CONVERSION = YES;
				CLANG_WARN_INFINITE_RECURSION = YES;
				CLANG_WARN_INT_CONVERSION = YES;
				CLANG_WARN_NON_LITERAL_NULL_CONVERSION = YES;
				CLANG_WARN_OBJC_IMPLICIT_RETAIN_SELF = YES;
				CLANG_WARN_OBJC_LITERAL_CONVERSION = YES;
				CLANG_WARN_OBJC_ROOT_CLASS = YES_ERROR;
				CLANG_WARN_QUOTED_INCLUDE_IN_FRAMEWORK_HEADER = YES;
				CLANG_WARN_RANGE_LOOP_ANALYSIS = YES;
				CLANG_WARN_STRICT_PROTOTYPES = YES;
				CLANG_WARN_SUSPICIOUS_MOVE = YES;
				CLANG_WARN_UNGUARDED_AVAILABILITY = YES_AGGRESSIVE;
				CLANG_WARN_UNREACHABLE_CODE = YES;
				CLANG_WARN__DUPLICATE_METHOD_MATCH = YES;
				COPY_PHASE_STRIP = NO;
				DEBUG_INFORMATION_FORMAT = dwarf;
				ENABLE_STRICT_OBJC_MSGSEND = YES;
				ENABLE_TESTABILITY = YES;
				GCC_C_LANGUAGE_STANDARD = gnu11;
				GCC_DYNAMIC_NO_PIC = NO;
				GCC_NO_COMMON_BLOCKS = YES;
				GCC_OPTIMIZATION_LEVEL = 0;
				GCC_PREPROCESSOR_DEFINITIONS = (
					"DEBUG=1",
					"$(inherited)",
				);
				GCC_WARN_64_TO_32_BIT_CONVERSION = YES;
				GCC_WARN_ABOUT_RETURN_TYPE = YES_ERROR;
				GCC_WARN_UNDECLARED_SELECTOR = YES;
				GCC_WARN_UNINITIALIZED_AUTOS = YES_AGGRESSIVE;
				GCC_WARN_UNUSED_FUNCTION = YES;
				GCC_WARN_UNUSED_VARIABLE = YES;
				IPHONEOS_DEPLOYMENT_TARGET = 14.5;
				MTL_ENABLE_DEBUG_INFO = INCLUDE_SOURCE;
				MTL_FAST_MATH = YES;
				ONLY_ACTIVE_ARCH = YES;
				SDKROOT = iphoneos;
				SWIFT_ACTIVE_COMPILATION_CONDITIONS = DEBUG;
				SWIFT_OPTIMIZATION_LEVEL = "-Onone";
			};
			name = Debug;
		};
		CE5259E526E387E800DD6E89 /* Release */ = {
			isa = XCBuildConfiguration;
			buildSettings = {
				ALWAYS_SEARCH_USER_PATHS = NO;
				CLANG_ANALYZER_NONNULL = YES;
				CLANG_ANALYZER_NUMBER_OBJECT_CONVERSION = YES_AGGRESSIVE;
				CLANG_CXX_LANGUAGE_STANDARD = "gnu++14";
				CLANG_CXX_LIBRARY = "libc++";
				CLANG_ENABLE_MODULES = YES;
				CLANG_ENABLE_OBJC_ARC = YES;
				CLANG_ENABLE_OBJC_WEAK = YES;
				CLANG_WARN_BLOCK_CAPTURE_AUTORELEASING = YES;
				CLANG_WARN_BOOL_CONVERSION = YES;
				CLANG_WARN_COMMA = YES;
				CLANG_WARN_CONSTANT_CONVERSION = YES;
				CLANG_WARN_DEPRECATED_OBJC_IMPLEMENTATIONS = YES;
				CLANG_WARN_DIRECT_OBJC_ISA_USAGE = YES_ERROR;
				CLANG_WARN_DOCUMENTATION_COMMENTS = YES;
				CLANG_WARN_EMPTY_BODY = YES;
				CLANG_WARN_ENUM_CONVERSION = YES;
				CLANG_WARN_INFINITE_RECURSION = YES;
				CLANG_WARN_INT_CONVERSION = YES;
				CLANG_WARN_NON_LITERAL_NULL_CONVERSION = YES;
				CLANG_WARN_OBJC_IMPLICIT_RETAIN_SELF = YES;
				CLANG_WARN_OBJC_LITERAL_CONVERSION = YES;
				CLANG_WARN_OBJC_ROOT_CLASS = YES_ERROR;
				CLANG_WARN_QUOTED_INCLUDE_IN_FRAMEWORK_HEADER = YES;
				CLANG_WARN_RANGE_LOOP_ANALYSIS = YES;
				CLANG_WARN_STRICT_PROTOTYPES = YES;
				CLANG_WARN_SUSPICIOUS_MOVE = YES;
				CLANG_WARN_UNGUARDED_AVAILABILITY = YES_AGGRESSIVE;
				CLANG_WARN_UNREACHABLE_CODE = YES;
				CLANG_WARN__DUPLICATE_METHOD_MATCH = YES;
				COPY_PHASE_STRIP = NO;
				DEBUG_INFORMATION_FORMAT = "dwarf-with-dsym";
				ENABLE_NS_ASSERTIONS = NO;
				ENABLE_STRICT_OBJC_MSGSEND = YES;
				GCC_C_LANGUAGE_STANDARD = gnu11;
				GCC_NO_COMMON_BLOCKS = YES;
				GCC_WARN_64_TO_32_BIT_CONVERSION = YES;
				GCC_WARN_ABOUT_RETURN_TYPE = YES_ERROR;
				GCC_WARN_UNDECLARED_SELECTOR = YES;
				GCC_WARN_UNINITIALIZED_AUTOS = YES_AGGRESSIVE;
				GCC_WARN_UNUSED_FUNCTION = YES;
				GCC_WARN_UNUSED_VARIABLE = YES;
				IPHONEOS_DEPLOYMENT_TARGET = 14.5;
				MTL_ENABLE_DEBUG_INFO = NO;
				MTL_FAST_MATH = YES;
				SDKROOT = iphoneos;
				SWIFT_COMPILATION_MODE = wholemodule;
				SWIFT_OPTIMIZATION_LEVEL = "-O";
				VALIDATE_PRODUCT = YES;
			};
			name = Release;
		};
		CE5259E726E387E800DD6E89 /* Debug */ = {
			isa = XCBuildConfiguration;
			baseConfigurationReference = 1AB07F52249C05E8782B4042 /* Pods-UberEatsLike.debug.xcconfig */;
			buildSettings = {
				ASSETCATALOG_COMPILER_APPICON_NAME = AppIcon;
				ASSETCATALOG_COMPILER_GLOBAL_ACCENT_COLOR_NAME = AccentColor;
				CODE_SIGN_STYLE = Automatic;
				DEVELOPMENT_TEAM = 2KB84KZYV6;
				INFOPLIST_FILE = UberEatsLike/Info.plist;
				LD_RUNPATH_SEARCH_PATHS = (
					"$(inherited)",
					"@executable_path/Frameworks",
				);
				PRODUCT_BUNDLE_IDENTIFIER = user.UberEatsLike;
				PRODUCT_NAME = "$(TARGET_NAME)";
				SWIFT_VERSION = 5.0;
				TARGETED_DEVICE_FAMILY = "1,2";
			};
			name = Debug;
		};
		CE5259E826E387E800DD6E89 /* Release */ = {
			isa = XCBuildConfiguration;
			baseConfigurationReference = 8722826F22F1020B25C567E0 /* Pods-UberEatsLike.release.xcconfig */;
			buildSettings = {
				ASSETCATALOG_COMPILER_APPICON_NAME = AppIcon;
				ASSETCATALOG_COMPILER_GLOBAL_ACCENT_COLOR_NAME = AccentColor;
				CODE_SIGN_STYLE = Automatic;
				DEVELOPMENT_TEAM = 2KB84KZYV6;
				INFOPLIST_FILE = UberEatsLike/Info.plist;
				LD_RUNPATH_SEARCH_PATHS = (
					"$(inherited)",
					"@executable_path/Frameworks",
				);
				PRODUCT_BUNDLE_IDENTIFIER = user.UberEatsLike;
				PRODUCT_NAME = "$(TARGET_NAME)";
				SWIFT_VERSION = 5.0;
				TARGETED_DEVICE_FAMILY = "1,2";
			};
			name = Release;
		};
		CE5259EA26E387E800DD6E89 /* Debug */ = {
			isa = XCBuildConfiguration;
			baseConfigurationReference = E8A4F2D7FDAA90ABFF93FF22 /* Pods-UberEatsLikeTests.debug.xcconfig */;
			buildSettings = {
				ALWAYS_EMBED_SWIFT_STANDARD_LIBRARIES = YES;
				BUNDLE_LOADER = "$(TEST_HOST)";
				CODE_SIGN_STYLE = Automatic;
				DEVELOPMENT_TEAM = 2KB84KZYV6;
				INFOPLIST_FILE = UberEatsLikeTests/Info.plist;
				IPHONEOS_DEPLOYMENT_TARGET = 14.5;
				LD_RUNPATH_SEARCH_PATHS = (
					"$(inherited)",
					"@executable_path/Frameworks",
					"@loader_path/Frameworks",
				);
				PRODUCT_BUNDLE_IDENTIFIER = user.UberEatsLikeTests;
				PRODUCT_NAME = "$(TARGET_NAME)";
				SWIFT_VERSION = 5.0;
				TARGETED_DEVICE_FAMILY = "1,2";
				TEST_HOST = "$(BUILT_PRODUCTS_DIR)/UberEatsLike.app/UberEatsLike";
			};
			name = Debug;
		};
		CE5259EB26E387E800DD6E89 /* Release */ = {
			isa = XCBuildConfiguration;
			baseConfigurationReference = B793282FA9271A0C60A94835 /* Pods-UberEatsLikeTests.release.xcconfig */;
			buildSettings = {
				ALWAYS_EMBED_SWIFT_STANDARD_LIBRARIES = YES;
				BUNDLE_LOADER = "$(TEST_HOST)";
				CODE_SIGN_STYLE = Automatic;
				DEVELOPMENT_TEAM = 2KB84KZYV6;
				INFOPLIST_FILE = UberEatsLikeTests/Info.plist;
				IPHONEOS_DEPLOYMENT_TARGET = 14.5;
				LD_RUNPATH_SEARCH_PATHS = (
					"$(inherited)",
					"@executable_path/Frameworks",
					"@loader_path/Frameworks",
				);
				PRODUCT_BUNDLE_IDENTIFIER = user.UberEatsLikeTests;
				PRODUCT_NAME = "$(TARGET_NAME)";
				SWIFT_VERSION = 5.0;
				TARGETED_DEVICE_FAMILY = "1,2";
				TEST_HOST = "$(BUILT_PRODUCTS_DIR)/UberEatsLike.app/UberEatsLike";
			};
			name = Release;
		};
		CE5259ED26E387E800DD6E89 /* Debug */ = {
			isa = XCBuildConfiguration;
			baseConfigurationReference = 60E9EBAE7AB90E1A4708FA47 /* Pods-UberEatsLike-UberEatsLikeUITests.debug.xcconfig */;
			buildSettings = {
				ALWAYS_EMBED_SWIFT_STANDARD_LIBRARIES = YES;
				CODE_SIGN_STYLE = Automatic;
				DEVELOPMENT_TEAM = 2KB84KZYV6;
				INFOPLIST_FILE = UberEatsLikeUITests/Info.plist;
				LD_RUNPATH_SEARCH_PATHS = (
					"$(inherited)",
					"@executable_path/Frameworks",
					"@loader_path/Frameworks",
				);
				PRODUCT_BUNDLE_IDENTIFIER = user.UberEatsLikeUITests;
				PRODUCT_NAME = "$(TARGET_NAME)";
				SWIFT_VERSION = 5.0;
				TARGETED_DEVICE_FAMILY = "1,2";
				TEST_TARGET_NAME = UberEatsLike;
			};
			name = Debug;
		};
		CE5259EE26E387E800DD6E89 /* Release */ = {
			isa = XCBuildConfiguration;
			baseConfigurationReference = C0DB7D919971211F8C4469B3 /* Pods-UberEatsLike-UberEatsLikeUITests.release.xcconfig */;
			buildSettings = {
				ALWAYS_EMBED_SWIFT_STANDARD_LIBRARIES = YES;
				CODE_SIGN_STYLE = Automatic;
				DEVELOPMENT_TEAM = 2KB84KZYV6;
				INFOPLIST_FILE = UberEatsLikeUITests/Info.plist;
				LD_RUNPATH_SEARCH_PATHS = (
					"$(inherited)",
					"@executable_path/Frameworks",
					"@loader_path/Frameworks",
				);
				PRODUCT_BUNDLE_IDENTIFIER = user.UberEatsLikeUITests;
				PRODUCT_NAME = "$(TARGET_NAME)";
				SWIFT_VERSION = 5.0;
				TARGETED_DEVICE_FAMILY = "1,2";
				TEST_TARGET_NAME = UberEatsLike;
			};
			name = Release;
		};
/* End XCBuildConfiguration section */

/* Begin XCConfigurationList section */
		CE5259B726E387E500DD6E89 /* Build configuration list for PBXProject "UberEatsLike" */ = {
			isa = XCConfigurationList;
			buildConfigurations = (
				CE5259E426E387E800DD6E89 /* Debug */,
				CE5259E526E387E800DD6E89 /* Release */,
			);
			defaultConfigurationIsVisible = 0;
			defaultConfigurationName = Release;
		};
		CE5259E626E387E800DD6E89 /* Build configuration list for PBXNativeTarget "UberEatsLike" */ = {
			isa = XCConfigurationList;
			buildConfigurations = (
				CE5259E726E387E800DD6E89 /* Debug */,
				CE5259E826E387E800DD6E89 /* Release */,
			);
			defaultConfigurationIsVisible = 0;
			defaultConfigurationName = Release;
		};
		CE5259E926E387E800DD6E89 /* Build configuration list for PBXNativeTarget "UberEatsLikeTests" */ = {
			isa = XCConfigurationList;
			buildConfigurations = (
				CE5259EA26E387E800DD6E89 /* Debug */,
				CE5259EB26E387E800DD6E89 /* Release */,
			);
			defaultConfigurationIsVisible = 0;
			defaultConfigurationName = Release;
		};
		CE5259EC26E387E800DD6E89 /* Build configuration list for PBXNativeTarget "UberEatsLikeUITests" */ = {
			isa = XCConfigurationList;
			buildConfigurations = (
				CE5259ED26E387E800DD6E89 /* Debug */,
				CE5259EE26E387E800DD6E89 /* Release */,
			);
			defaultConfigurationIsVisible = 0;
			defaultConfigurationName = Release;
		};
/* End XCConfigurationList section */
	};
	rootObject = CE5259B426E387E500DD6E89 /* Project object */;
}
